// !$*UTF8*$!
{
	archiveVersion = 1;
	classes = {
	};
	objectVersion = 46;
	objects = {

/* Begin PBXBuildFile section */
		5D3080371BBCFFBC00EF158E /* ZStretchHeaderController.m in Sources */ = {isa = PBXBuildFile; fileRef = 5D3080361BBCFFBC00EF158E /* ZStretchHeaderController.m */; settings = {ASSET_TAGS = (); }; };
		5D33BB681BB4CF3300F534DF /* main.m in Sources */ = {isa = PBXBuildFile; fileRef = 5D33BB671BB4CF3300F534DF /* main.m */; };
		5D33BB6B1BB4CF3300F534DF /* AppDelegate.m in Sources */ = {isa = PBXBuildFile; fileRef = 5D33BB6A1BB4CF3300F534DF /* AppDelegate.m */; };
		5D33BB731BB4CF3300F534DF /* Assets.xcassets in Resources */ = {isa = PBXBuildFile; fileRef = 5D33BB721BB4CF3300F534DF /* Assets.xcassets */; };
		5D33BBCD1BB4CFEA00F534DF /* ViewController.m in Sources */ = {isa = PBXBuildFile; fileRef = 5D33BBB51BB4CFEA00F534DF /* ViewController.m */; };
		5D33BBE51BB4F04400F534DF /* ZTabBarController.m in Sources */ = {isa = PBXBuildFile; fileRef = 5D33BBE41BB4F04400F534DF /* ZTabBarController.m */; };
		5D33BBEF1BB4F37D00F534DF /* tabbar3@2x.png in Resources */ = {isa = PBXBuildFile; fileRef = 5D33BBE91BB4F37D00F534DF /* tabbar3@2x.png */; };
		5D33BBF01BB4F37D00F534DF /* tabbar3_sel@2x.png in Resources */ = {isa = PBXBuildFile; fileRef = 5D33BBEA1BB4F37D00F534DF /* tabbar3_sel@2x.png */; };
		5D33BBF11BB4F37D00F534DF /* tabbar2@2x.png in Resources */ = {isa = PBXBuildFile; fileRef = 5D33BBEB1BB4F37D00F534DF /* tabbar2@2x.png */; };
		5D33BBF21BB4F37D00F534DF /* tabbar2_sel@2x.png in Resources */ = {isa = PBXBuildFile; fileRef = 5D33BBEC1BB4F37D00F534DF /* tabbar2_sel@2x.png */; };
		5D33BBF31BB4F37D00F534DF /* tabbar1@2x.png in Resources */ = {isa = PBXBuildFile; fileRef = 5D33BBED1BB4F37D00F534DF /* tabbar1@2x.png */; };
		5D33BBF41BB4F37D00F534DF /* tabbar1_sel@2x.png in Resources */ = {isa = PBXBuildFile; fileRef = 5D33BBEE1BB4F37D00F534DF /* tabbar1_sel@2x.png */; };
		5D33BBF71BB4F5B300F534DF /* ZTabBarItem.m in Sources */ = {isa = PBXBuildFile; fileRef = 5D33BBF61BB4F5B300F534DF /* ZTabBarItem.m */; };
		5D33BBFB1BB4FA6000F534DF /* NSString+ZAddition.m in Sources */ = {isa = PBXBuildFile; fileRef = 5D33BBFA1BB4FA6000F534DF /* NSString+ZAddition.m */; };
		5D33BC531BB6BDC700F534DF /* nav_back@2x.png in Resources */ = {isa = PBXBuildFile; fileRef = 5D33BC431BB6BDC700F534DF /* nav_back@2x.png */; };
		5D33BC541BB6BDC700F534DF /* nav_bg@2x.png in Resources */ = {isa = PBXBuildFile; fileRef = 5D33BC441BB6BDC700F534DF /* nav_bg@2x.png */; };
		5D33BC551BB6BDC700F534DF /* nav_dismiss@2x.png in Resources */ = {isa = PBXBuildFile; fileRef = 5D33BC451BB6BDC700F534DF /* nav_dismiss@2x.png */; };
		5D33BC561BB6BDC700F534DF /* ZViewController.m in Sources */ = {isa = PBXBuildFile; fileRef = 5D33BC471BB6BDC700F534DF /* ZViewController.m */; };
		5D33BC581BB6E91100F534DF /* tabbar_bg@2x.png in Resources */ = {isa = PBXBuildFile; fileRef = 5D33BC571BB6E91100F534DF /* tabbar_bg@2x.png */; };
		5D33BC5B1BB7956000F534DF /* UIView+ZAddition.m in Sources */ = {isa = PBXBuildFile; fileRef = 5D33BC5A1BB7956000F534DF /* UIView+ZAddition.m */; };
		5D33BC971BB96F3800F534DF /* ZStarGradeView.m in Sources */ = {isa = PBXBuildFile; fileRef = 5D33BC941BB96F3800F534DF /* ZStarGradeView.m */; settings = {ASSET_TAGS = (); }; };
		5D33BC9C1BB97E0400F534DF /* star_gray@3x.png in Resources */ = {isa = PBXBuildFile; fileRef = 5D33BC9A1BB97E0400F534DF /* star_gray@3x.png */; settings = {ASSET_TAGS = (); }; };
		5D33BC9D1BB97E0400F534DF /* star_light@3x.png in Resources */ = {isa = PBXBuildFile; fileRef = 5D33BC9B1BB97E0400F534DF /* star_light@3x.png */; settings = {ASSET_TAGS = (); }; };
		5D613BF01BC77F9E008A299F /* header_bg.png in Resources */ = {isa = PBXBuildFile; fileRef = 5D613BEF1BC77F9E008A299F /* header_bg.png */; settings = {ASSET_TAGS = (); }; };
		5D613BF21BC7815D008A299F /* header.png in Resources */ = {isa = PBXBuildFile; fileRef = 5D613BF11BC7815D008A299F /* header.png */; settings = {ASSET_TAGS = (); }; };
		5D613C091BC78393008A299F /* blackArrow.png in Resources */ = {isa = PBXBuildFile; fileRef = 5D613BF61BC78393008A299F /* blackArrow.png */; settings = {ASSET_TAGS = (); }; };
		5D613C0A1BC78393008A299F /* blackArrow@2x.png in Resources */ = {isa = PBXBuildFile; fileRef = 5D613BF71BC78393008A299F /* blackArrow@2x.png */; settings = {ASSET_TAGS = (); }; };
		5D613C0B1BC78393008A299F /* blueArrow.png in Resources */ = {isa = PBXBuildFile; fileRef = 5D613BF81BC78393008A299F /* blueArrow.png */; settings = {ASSET_TAGS = (); }; };
		5D613C0C1BC78393008A299F /* blueArrow@2x.png in Resources */ = {isa = PBXBuildFile; fileRef = 5D613BF91BC78393008A299F /* blueArrow@2x.png */; settings = {ASSET_TAGS = (); }; };
		5D613C0D1BC78393008A299F /* grayArrow.png in Resources */ = {isa = PBXBuildFile; fileRef = 5D613BFA1BC78393008A299F /* grayArrow.png */; settings = {ASSET_TAGS = (); }; };
		5D613C0E1BC78393008A299F /* grayArrow@2x.png in Resources */ = {isa = PBXBuildFile; fileRef = 5D613BFB1BC78393008A299F /* grayArrow@2x.png */; settings = {ASSET_TAGS = (); }; };
		5D613C0F1BC78393008A299F /* whiteArrow.png in Resources */ = {isa = PBXBuildFile; fileRef = 5D613BFC1BC78393008A299F /* whiteArrow.png */; settings = {ASSET_TAGS = (); }; };
		5D613C101BC78393008A299F /* whiteArrow@2x.png in Resources */ = {isa = PBXBuildFile; fileRef = 5D613BFD1BC78393008A299F /* whiteArrow@2x.png */; settings = {ASSET_TAGS = (); }; };
		5D613C111BC78393008A299F /* EGORefreshTableHeaderView.m in Sources */ = {isa = PBXBuildFile; fileRef = 5D613C001BC78393008A299F /* EGORefreshTableHeaderView.m */; settings = {ASSET_TAGS = (); }; };
		5D613C121BC78393008A299F /* ZLoadMoreTableFooterView.m in Sources */ = {isa = PBXBuildFile; fileRef = 5D613C021BC78393008A299F /* ZLoadMoreTableFooterView.m */; settings = {ASSET_TAGS = (); }; };
		5D613C131BC78393008A299F /* ZMessageInterceptor.m in Sources */ = {isa = PBXBuildFile; fileRef = 5D613C041BC78393008A299F /* ZMessageInterceptor.m */; settings = {ASSET_TAGS = (); }; };
		5D613C141BC78393008A299F /* ZRefreshTableHeaderView.m in Sources */ = {isa = PBXBuildFile; fileRef = 5D613C061BC78393008A299F /* ZRefreshTableHeaderView.m */; settings = {ASSET_TAGS = (); }; };
		5D613C151BC78393008A299F /* ZPullTableView.m in Sources */ = {isa = PBXBuildFile; fileRef = 5D613C081BC78393008A299F /* ZPullTableView.m */; settings = {ASSET_TAGS = (); }; };
		5D613C171BC78415008A299F /* reading.png in Resources */ = {isa = PBXBuildFile; fileRef = 5D613C161BC78415008A299F /* reading.png */; settings = {ASSET_TAGS = (); }; };
		5D613C611BC8D145008A299F /* ListModel.m in Sources */ = {isa = PBXBuildFile; fileRef = 5D613C601BC8D145008A299F /* ListModel.m */; settings = {ASSET_TAGS = (); }; };
		5D80FC6E1BCE01D50012E464 /* BarberDetailViewController.m in Sources */ = {isa = PBXBuildFile; fileRef = 5D80FC521BCE01D50012E464 /* BarberDetailViewController.m */; settings = {ASSET_TAGS = (); }; };
		5D80FC6F1BCE01D50012E464 /* BarberServeModel.m in Sources */ = {isa = PBXBuildFile; fileRef = 5D80FC551BCE01D50012E464 /* BarberServeModel.m */; settings = {ASSET_TAGS = (); }; };
		5D80FC701BCE01D50012E464 /* BarberWorkModel.m in Sources */ = {isa = PBXBuildFile; fileRef = 5D80FC571BCE01D50012E464 /* BarberWorkModel.m */; settings = {ASSET_TAGS = (); }; };
		5D80FC711BCE01D50012E464 /* StoreModel.m in Sources */ = {isa = PBXBuildFile; fileRef = 5D80FC591BCE01D50012E464 /* StoreModel.m */; settings = {ASSET_TAGS = (); }; };
		5D80FC721BCE01D50012E464 /* BarberRequest.m in Sources */ = {isa = PBXBuildFile; fileRef = 5D80FC5C1BCE01D50012E464 /* BarberRequest.m */; settings = {ASSET_TAGS = (); }; };
		5D80FC731BCE01D50012E464 /* StoreRequest.m in Sources */ = {isa = PBXBuildFile; fileRef = 5D80FC5E1BCE01D50012E464 /* StoreRequest.m */; settings = {ASSET_TAGS = (); }; };
		5D80FC741BCE01D50012E464 /* BarberHeaderView.m in Sources */ = {isa = PBXBuildFile; fileRef = 5D80FC611BCE01D50012E464 /* BarberHeaderView.m */; settings = {ASSET_TAGS = (); }; };
		5D80FC751BCE01D50012E464 /* BarberIntroCell.m in Sources */ = {isa = PBXBuildFile; fileRef = 5D80FC631BCE01D50012E464 /* BarberIntroCell.m */; settings = {ASSET_TAGS = (); }; };
		5D80FC761BCE01D50012E464 /* BarberServeAppointCell.m in Sources */ = {isa = PBXBuildFile; fileRef = 5D80FC651BCE01D50012E464 /* BarberServeAppointCell.m */; settings = {ASSET_TAGS = (); }; };
		5D80FC771BCE01D50012E464 /* BarberServeCell.m in Sources */ = {isa = PBXBuildFile; fileRef = 5D80FC671BCE01D50012E464 /* BarberServeCell.m */; settings = {ASSET_TAGS = (); }; };
		5D80FC781BCE01D50012E464 /* BarberWorksCell.m in Sources */ = {isa = PBXBuildFile; fileRef = 5D80FC691BCE01D50012E464 /* BarberWorksCell.m */; settings = {ASSET_TAGS = (); }; };
		5D80FC791BCE01D50012E464 /* BarberWorkView.m in Sources */ = {isa = PBXBuildFile; fileRef = 5D80FC6B1BCE01D50012E464 /* BarberWorkView.m */; settings = {ASSET_TAGS = (); }; };
		5D80FC7A1BCE01D50012E464 /* StoreCell.m in Sources */ = {isa = PBXBuildFile; fileRef = 5D80FC6D1BCE01D50012E464 /* StoreCell.m */; settings = {ASSET_TAGS = (); }; };
		5D80FC7D1BCE02070012E464 /* BarberModel.m in Sources */ = {isa = PBXBuildFile; fileRef = 5D80FC7C1BCE02070012E464 /* BarberModel.m */; settings = {ASSET_TAGS = (); }; };
		5D80FC831BCE1C2F0012E464 /* barber_header@2x.png in Resources */ = {isa = PBXBuildFile; fileRef = 5D80FC821BCE1C2F0012E464 /* barber_header@2x.png */; settings = {ASSET_TAGS = (); }; };
		5D80FC851BCE1DC30012E464 /* arraw_right@3x.png in Resources */ = {isa = PBXBuildFile; fileRef = 5D80FC841BCE1DC30012E464 /* arraw_right@3x.png */; settings = {ASSET_TAGS = (); }; };
		5D80FC891BCE269F0012E464 /* StoreListViewController.m in Sources */ = {isa = PBXBuildFile; fileRef = 5D80FC881BCE269F0012E464 /* StoreListViewController.m */; settings = {ASSET_TAGS = (); }; };
		5D80FC8C1BCE27710012E464 /* StoreListCell.m in Sources */ = {isa = PBXBuildFile; fileRef = 5D80FC8B1BCE27710012E464 /* StoreListCell.m */; settings = {ASSET_TAGS = (); }; };
		5D80FC8F1BCE2F310012E464 /* StoreListRequest.m in Sources */ = {isa = PBXBuildFile; fileRef = 5D80FC8E1BCE2F310012E464 /* StoreListRequest.m */; settings = {ASSET_TAGS = (); }; };
		5D80FC981BCE88500012E464 /* chelper.c in Sources */ = {isa = PBXBuildFile; fileRef = 5D80FC961BCE88500012E464 /* chelper.c */; settings = {ASSET_TAGS = (); }; };
		5D9629DE1BCBFFC000435C5E /* ZHelper.m in Sources */ = {isa = PBXBuildFile; fileRef = 5D9629DD1BCBFFC000435C5E /* ZHelper.m */; settings = {ASSET_TAGS = (); }; };
		5DB8821F1BBBD09B007FFE0A /* CLLocation+YCLocation.m in Sources */ = {isa = PBXBuildFile; fileRef = 5DB881E11BBBD09B007FFE0A /* CLLocation+YCLocation.m */; settings = {ASSET_TAGS = (); }; };
		5DB882201BBBD09B007FFE0A /* ZLocationManager.m in Sources */ = {isa = PBXBuildFile; fileRef = 5DB881E31BBBD09B007FFE0A /* ZLocationManager.m */; settings = {ASSET_TAGS = (); }; };
		5DB882211BBBD09B007FFE0A /* LoginRequest.m in Sources */ = {isa = PBXBuildFile; fileRef = 5DB881E71BBBD09B007FFE0A /* LoginRequest.m */; settings = {ASSET_TAGS = (); }; };
		5DB882331BBBD09B007FFE0A /* ZBaseModel.m in Sources */ = {isa = PBXBuildFile; fileRef = 5DB882111BBBD09B007FFE0A /* ZBaseModel.m */; settings = {ASSET_TAGS = (); }; };
		5DB882351BBBD09B007FFE0A /* ZBaseRequest.m in Sources */ = {isa = PBXBuildFile; fileRef = 5DB882161BBBD09B007FFE0A /* ZBaseRequest.m */; settings = {ASSET_TAGS = (); }; };
		5DB882361BBBD09B007FFE0A /* ZRequestManager.m in Sources */ = {isa = PBXBuildFile; fileRef = 5DB882181BBBD09B007FFE0A /* ZRequestManager.m */; settings = {ASSET_TAGS = (); }; };
		5DB882371BBBD09B007FFE0A /* ZGlobalData.m in Sources */ = {isa = PBXBuildFile; fileRef = 5DB8821B1BBBD09B007FFE0A /* ZGlobalData.m */; settings = {ASSET_TAGS = (); }; };
		5DC70DFE1BBC068000AA5D04 /* ZToastManager.m in Sources */ = {isa = PBXBuildFile; fileRef = 5DC70DFD1BBC068000AA5D04 /* ZToastManager.m */; settings = {ASSET_TAGS = (); }; };
		5DC70E031BBC124700AA5D04 /* ZToastView.m in Sources */ = {isa = PBXBuildFile; fileRef = 5DC70E021BBC124700AA5D04 /* ZToastView.m */; settings = {ASSET_TAGS = (); }; };
		5DC70E061BBC2C3800AA5D04 /* ZLocationView.m in Sources */ = {isa = PBXBuildFile; fileRef = 5DC70E051BBC2C3800AA5D04 /* ZLocationView.m */; settings = {ASSET_TAGS = (); }; };
		5DC70E091BBC2FC300AA5D04 /* location_btn@2x.png in Resources */ = {isa = PBXBuildFile; fileRef = 5DC70E081BBC2FC300AA5D04 /* location_btn@2x.png */; settings = {ASSET_TAGS = (); }; };
		5DD24E261BC64BBA0076923D /* AFHTTPRequestOperation.m in Sources */ = {isa = PBXBuildFile; fileRef = 5DD24E021BC64BBA0076923D /* AFHTTPRequestOperation.m */; settings = {ASSET_TAGS = (); }; };
		5DD24E271BC64BBA0076923D /* AFHTTPRequestOperationManager.m in Sources */ = {isa = PBXBuildFile; fileRef = 5DD24E041BC64BBA0076923D /* AFHTTPRequestOperationManager.m */; settings = {ASSET_TAGS = (); }; };
		5DD24E281BC64BBA0076923D /* AFHTTPSessionManager.m in Sources */ = {isa = PBXBuildFile; fileRef = 5DD24E061BC64BBA0076923D /* AFHTTPSessionManager.m */; settings = {ASSET_TAGS = (); }; };
		5DD24E291BC64BBA0076923D /* AFNetworkReachabilityManager.m in Sources */ = {isa = PBXBuildFile; fileRef = 5DD24E091BC64BBA0076923D /* AFNetworkReachabilityManager.m */; settings = {ASSET_TAGS = (); }; };
		5DD24E2A1BC64BBA0076923D /* AFSecurityPolicy.m in Sources */ = {isa = PBXBuildFile; fileRef = 5DD24E0B1BC64BBA0076923D /* AFSecurityPolicy.m */; settings = {ASSET_TAGS = (); }; };
		5DD24E2B1BC64BBA0076923D /* AFURLConnectionOperation.m in Sources */ = {isa = PBXBuildFile; fileRef = 5DD24E0D1BC64BBA0076923D /* AFURLConnectionOperation.m */; settings = {ASSET_TAGS = (); }; };
		5DD24E2C1BC64BBA0076923D /* AFURLRequestSerialization.m in Sources */ = {isa = PBXBuildFile; fileRef = 5DD24E0F1BC64BBA0076923D /* AFURLRequestSerialization.m */; settings = {ASSET_TAGS = (); }; };
		5DD24E2D1BC64BBA0076923D /* AFURLResponseSerialization.m in Sources */ = {isa = PBXBuildFile; fileRef = 5DD24E111BC64BBA0076923D /* AFURLResponseSerialization.m */; settings = {ASSET_TAGS = (); }; };
		5DD24E2E1BC64BBA0076923D /* AFURLSessionManager.m in Sources */ = {isa = PBXBuildFile; fileRef = 5DD24E131BC64BBA0076923D /* AFURLSessionManager.m */; settings = {ASSET_TAGS = (); }; };
		5DD24E2F1BC64BBA0076923D /* AFNetworkActivityIndicatorManager.m in Sources */ = {isa = PBXBuildFile; fileRef = 5DD24E161BC64BBA0076923D /* AFNetworkActivityIndicatorManager.m */; settings = {ASSET_TAGS = (); }; };
		5DD24E301BC64BBA0076923D /* UIActivityIndicatorView+AFNetworking.m in Sources */ = {isa = PBXBuildFile; fileRef = 5DD24E181BC64BBA0076923D /* UIActivityIndicatorView+AFNetworking.m */; settings = {ASSET_TAGS = (); }; };
		5DD24E311BC64BBA0076923D /* UIAlertView+AFNetworking.m in Sources */ = {isa = PBXBuildFile; fileRef = 5DD24E1A1BC64BBA0076923D /* UIAlertView+AFNetworking.m */; settings = {ASSET_TAGS = (); }; };
		5DD24E321BC64BBA0076923D /* UIButton+AFNetworking.m in Sources */ = {isa = PBXBuildFile; fileRef = 5DD24E1C1BC64BBA0076923D /* UIButton+AFNetworking.m */; settings = {ASSET_TAGS = (); }; };
		5DD24E331BC64BBA0076923D /* UIImageView+AFNetworking.m in Sources */ = {isa = PBXBuildFile; fileRef = 5DD24E1E1BC64BBA0076923D /* UIImageView+AFNetworking.m */; settings = {ASSET_TAGS = (); }; };
		5DD24E341BC64BBA0076923D /* UIProgressView+AFNetworking.m in Sources */ = {isa = PBXBuildFile; fileRef = 5DD24E211BC64BBA0076923D /* UIProgressView+AFNetworking.m */; settings = {ASSET_TAGS = (); }; };
		5DD24E351BC64BBA0076923D /* UIRefreshControl+AFNetworking.m in Sources */ = {isa = PBXBuildFile; fileRef = 5DD24E231BC64BBA0076923D /* UIRefreshControl+AFNetworking.m */; settings = {ASSET_TAGS = (); }; };
		5DD24E361BC64BBA0076923D /* UIWebView+AFNetworking.m in Sources */ = {isa = PBXBuildFile; fileRef = 5DD24E251BC64BBA0076923D /* UIWebView+AFNetworking.m */; settings = {ASSET_TAGS = (); }; };
		5DE7A3FB1BBD633B0065D95C /* UIImage+ImageEffects.m in Sources */ = {isa = PBXBuildFile; fileRef = 5DE7A3FA1BBD633B0065D95C /* UIImage+ImageEffects.m */; settings = {ASSET_TAGS = (); }; };
/* End PBXBuildFile section */

/* Begin PBXFileReference section */
		5D3080351BBCFFBC00EF158E /* ZStretchHeaderController.h */ = {isa = PBXFileReference; fileEncoding = 4; lastKnownFileType = sourcecode.c.h; path = ZStretchHeaderController.h; sourceTree = "<group>"; };
		5D3080361BBCFFBC00EF158E /* ZStretchHeaderController.m */ = {isa = PBXFileReference; fileEncoding = 4; lastKnownFileType = sourcecode.c.objc; path = ZStretchHeaderController.m; sourceTree = "<group>"; };
		5D33BB631BB4CF3300F534DF /* ZFramework.app */ = {isa = PBXFileReference; explicitFileType = wrapper.application; includeInIndex = 0; path = ZFramework.app; sourceTree = BUILT_PRODUCTS_DIR; };
		5D33BB671BB4CF3300F534DF /* main.m */ = {isa = PBXFileReference; lastKnownFileType = sourcecode.c.objc; path = main.m; sourceTree = "<group>"; };
		5D33BB691BB4CF3300F534DF /* AppDelegate.h */ = {isa = PBXFileReference; lastKnownFileType = sourcecode.c.h; path = AppDelegate.h; sourceTree = "<group>"; };
		5D33BB6A1BB4CF3300F534DF /* AppDelegate.m */ = {isa = PBXFileReference; lastKnownFileType = sourcecode.c.objc; path = AppDelegate.m; sourceTree = "<group>"; };
		5D33BB721BB4CF3300F534DF /* Assets.xcassets */ = {isa = PBXFileReference; lastKnownFileType = folder.assetcatalog; path = Assets.xcassets; sourceTree = "<group>"; };
		5D33BB771BB4CF3300F534DF /* Info.plist */ = {isa = PBXFileReference; lastKnownFileType = text.plist.xml; path = Info.plist; sourceTree = "<group>"; };
		5D33BBB41BB4CFEA00F534DF /* ViewController.h */ = {isa = PBXFileReference; fileEncoding = 4; lastKnownFileType = sourcecode.c.h; path = ViewController.h; sourceTree = "<group>"; };
		5D33BBB51BB4CFEA00F534DF /* ViewController.m */ = {isa = PBXFileReference; fileEncoding = 4; lastKnownFileType = sourcecode.c.objc; path = ViewController.m; sourceTree = "<group>"; };
		5D33BBE31BB4F04400F534DF /* ZTabBarController.h */ = {isa = PBXFileReference; fileEncoding = 4; lastKnownFileType = sourcecode.c.h; path = ZTabBarController.h; sourceTree = "<group>"; };
		5D33BBE41BB4F04400F534DF /* ZTabBarController.m */ = {isa = PBXFileReference; fileEncoding = 4; lastKnownFileType = sourcecode.c.objc; path = ZTabBarController.m; sourceTree = "<group>"; };
		5D33BBE91BB4F37D00F534DF /* tabbar3@2x.png */ = {isa = PBXFileReference; lastKnownFileType = image.png; path = "tabbar3@2x.png"; sourceTree = "<group>"; };
		5D33BBEA1BB4F37D00F534DF /* tabbar3_sel@2x.png */ = {isa = PBXFileReference; lastKnownFileType = image.png; path = "tabbar3_sel@2x.png"; sourceTree = "<group>"; };
		5D33BBEB1BB4F37D00F534DF /* tabbar2@2x.png */ = {isa = PBXFileReference; lastKnownFileType = image.png; path = "tabbar2@2x.png"; sourceTree = "<group>"; };
		5D33BBEC1BB4F37D00F534DF /* tabbar2_sel@2x.png */ = {isa = PBXFileReference; lastKnownFileType = image.png; path = "tabbar2_sel@2x.png"; sourceTree = "<group>"; };
		5D33BBED1BB4F37D00F534DF /* tabbar1@2x.png */ = {isa = PBXFileReference; lastKnownFileType = image.png; path = "tabbar1@2x.png"; sourceTree = "<group>"; };
		5D33BBEE1BB4F37D00F534DF /* tabbar1_sel@2x.png */ = {isa = PBXFileReference; lastKnownFileType = image.png; path = "tabbar1_sel@2x.png"; sourceTree = "<group>"; };
		5D33BBF51BB4F5B300F534DF /* ZTabBarItem.h */ = {isa = PBXFileReference; fileEncoding = 4; lastKnownFileType = sourcecode.c.h; path = ZTabBarItem.h; sourceTree = "<group>"; };
		5D33BBF61BB4F5B300F534DF /* ZTabBarItem.m */ = {isa = PBXFileReference; fileEncoding = 4; lastKnownFileType = sourcecode.c.objc; path = ZTabBarItem.m; sourceTree = "<group>"; };
		5D33BBF91BB4FA6000F534DF /* NSString+ZAddition.h */ = {isa = PBXFileReference; fileEncoding = 4; lastKnownFileType = sourcecode.c.h; path = "NSString+ZAddition.h"; sourceTree = "<group>"; };
		5D33BBFA1BB4FA6000F534DF /* NSString+ZAddition.m */ = {isa = PBXFileReference; fileEncoding = 4; lastKnownFileType = sourcecode.c.objc; path = "NSString+ZAddition.m"; sourceTree = "<group>"; };
		5D33BC431BB6BDC700F534DF /* nav_back@2x.png */ = {isa = PBXFileReference; lastKnownFileType = image.png; path = "nav_back@2x.png"; sourceTree = "<group>"; };
		5D33BC441BB6BDC700F534DF /* nav_bg@2x.png */ = {isa = PBXFileReference; lastKnownFileType = image.png; path = "nav_bg@2x.png"; sourceTree = "<group>"; };
		5D33BC451BB6BDC700F534DF /* nav_dismiss@2x.png */ = {isa = PBXFileReference; lastKnownFileType = image.png; path = "nav_dismiss@2x.png"; sourceTree = "<group>"; };
		5D33BC461BB6BDC700F534DF /* ZViewController.h */ = {isa = PBXFileReference; fileEncoding = 4; lastKnownFileType = sourcecode.c.h; path = ZViewController.h; sourceTree = "<group>"; };
		5D33BC471BB6BDC700F534DF /* ZViewController.m */ = {isa = PBXFileReference; fileEncoding = 4; lastKnownFileType = sourcecode.c.objc; path = ZViewController.m; sourceTree = "<group>"; };
		5D33BC571BB6E91100F534DF /* tabbar_bg@2x.png */ = {isa = PBXFileReference; lastKnownFileType = image.png; path = "tabbar_bg@2x.png"; sourceTree = "<group>"; };
		5D33BC591BB7956000F534DF /* UIView+ZAddition.h */ = {isa = PBXFileReference; fileEncoding = 4; lastKnownFileType = sourcecode.c.h; path = "UIView+ZAddition.h"; sourceTree = "<group>"; };
		5D33BC5A1BB7956000F534DF /* UIView+ZAddition.m */ = {isa = PBXFileReference; fileEncoding = 4; lastKnownFileType = sourcecode.c.objc; path = "UIView+ZAddition.m"; sourceTree = "<group>"; };
		5D33BC931BB96F3800F534DF /* ZStarGradeView.h */ = {isa = PBXFileReference; fileEncoding = 4; lastKnownFileType = sourcecode.c.h; path = ZStarGradeView.h; sourceTree = "<group>"; };
		5D33BC941BB96F3800F534DF /* ZStarGradeView.m */ = {isa = PBXFileReference; fileEncoding = 4; lastKnownFileType = sourcecode.c.objc; path = ZStarGradeView.m; sourceTree = "<group>"; };
		5D33BC9A1BB97E0400F534DF /* star_gray@3x.png */ = {isa = PBXFileReference; lastKnownFileType = image.png; path = "star_gray@3x.png"; sourceTree = "<group>"; };
		5D33BC9B1BB97E0400F534DF /* star_light@3x.png */ = {isa = PBXFileReference; lastKnownFileType = image.png; path = "star_light@3x.png"; sourceTree = "<group>"; };
		5D613BEF1BC77F9E008A299F /* header_bg.png */ = {isa = PBXFileReference; lastKnownFileType = image.png; path = header_bg.png; sourceTree = "<group>"; };
		5D613BF11BC7815D008A299F /* header.png */ = {isa = PBXFileReference; lastKnownFileType = image.png; path = header.png; sourceTree = "<group>"; };
		5D613BF61BC78393008A299F /* blackArrow.png */ = {isa = PBXFileReference; lastKnownFileType = image.png; path = blackArrow.png; sourceTree = "<group>"; };
		5D613BF71BC78393008A299F /* blackArrow@2x.png */ = {isa = PBXFileReference; lastKnownFileType = image.png; path = "blackArrow@2x.png"; sourceTree = "<group>"; };
		5D613BF81BC78393008A299F /* blueArrow.png */ = {isa = PBXFileReference; lastKnownFileType = image.png; path = blueArrow.png; sourceTree = "<group>"; };
		5D613BF91BC78393008A299F /* blueArrow@2x.png */ = {isa = PBXFileReference; lastKnownFileType = image.png; path = "blueArrow@2x.png"; sourceTree = "<group>"; };
		5D613BFA1BC78393008A299F /* grayArrow.png */ = {isa = PBXFileReference; lastKnownFileType = image.png; path = grayArrow.png; sourceTree = "<group>"; };
		5D613BFB1BC78393008A299F /* grayArrow@2x.png */ = {isa = PBXFileReference; lastKnownFileType = image.png; path = "grayArrow@2x.png"; sourceTree = "<group>"; };
		5D613BFC1BC78393008A299F /* whiteArrow.png */ = {isa = PBXFileReference; lastKnownFileType = image.png; path = whiteArrow.png; sourceTree = "<group>"; };
		5D613BFD1BC78393008A299F /* whiteArrow@2x.png */ = {isa = PBXFileReference; lastKnownFileType = image.png; path = "whiteArrow@2x.png"; sourceTree = "<group>"; };
		5D613BFF1BC78393008A299F /* EGORefreshTableHeaderView.h */ = {isa = PBXFileReference; fileEncoding = 4; lastKnownFileType = sourcecode.c.h; path = EGORefreshTableHeaderView.h; sourceTree = "<group>"; };
		5D613C001BC78393008A299F /* EGORefreshTableHeaderView.m */ = {isa = PBXFileReference; fileEncoding = 4; lastKnownFileType = sourcecode.c.objc; path = EGORefreshTableHeaderView.m; sourceTree = "<group>"; };
		5D613C011BC78393008A299F /* ZLoadMoreTableFooterView.h */ = {isa = PBXFileReference; fileEncoding = 4; lastKnownFileType = sourcecode.c.h; path = ZLoadMoreTableFooterView.h; sourceTree = "<group>"; };
		5D613C021BC78393008A299F /* ZLoadMoreTableFooterView.m */ = {isa = PBXFileReference; fileEncoding = 4; lastKnownFileType = sourcecode.c.objc; path = ZLoadMoreTableFooterView.m; sourceTree = "<group>"; };
		5D613C031BC78393008A299F /* ZMessageInterceptor.h */ = {isa = PBXFileReference; fileEncoding = 4; lastKnownFileType = sourcecode.c.h; path = ZMessageInterceptor.h; sourceTree = "<group>"; };
		5D613C041BC78393008A299F /* ZMessageInterceptor.m */ = {isa = PBXFileReference; fileEncoding = 4; lastKnownFileType = sourcecode.c.objc; path = ZMessageInterceptor.m; sourceTree = "<group>"; };
		5D613C051BC78393008A299F /* ZRefreshTableHeaderView.h */ = {isa = PBXFileReference; fileEncoding = 4; lastKnownFileType = sourcecode.c.h; path = ZRefreshTableHeaderView.h; sourceTree = "<group>"; };
		5D613C061BC78393008A299F /* ZRefreshTableHeaderView.m */ = {isa = PBXFileReference; fileEncoding = 4; lastKnownFileType = sourcecode.c.objc; path = ZRefreshTableHeaderView.m; sourceTree = "<group>"; };
		5D613C071BC78393008A299F /* ZPullTableView.h */ = {isa = PBXFileReference; fileEncoding = 4; lastKnownFileType = sourcecode.c.h; path = ZPullTableView.h; sourceTree = "<group>"; };
		5D613C081BC78393008A299F /* ZPullTableView.m */ = {isa = PBXFileReference; fileEncoding = 4; lastKnownFileType = sourcecode.c.objc; path = ZPullTableView.m; sourceTree = "<group>"; };
		5D613C161BC78415008A299F /* reading.png */ = {isa = PBXFileReference; lastKnownFileType = image.png; path = reading.png; sourceTree = "<group>"; };
		5D613C5F1BC8D145008A299F /* ListModel.h */ = {isa = PBXFileReference; fileEncoding = 4; lastKnownFileType = sourcecode.c.h; path = ListModel.h; sourceTree = "<group>"; };
		5D613C601BC8D145008A299F /* ListModel.m */ = {isa = PBXFileReference; fileEncoding = 4; lastKnownFileType = sourcecode.c.objc; path = ListModel.m; sourceTree = "<group>"; };
		5D80FC511BCE01D50012E464 /* BarberDetailViewController.h */ = {isa = PBXFileReference; fileEncoding = 4; lastKnownFileType = sourcecode.c.h; path = BarberDetailViewController.h; sourceTree = "<group>"; };
		5D80FC521BCE01D50012E464 /* BarberDetailViewController.m */ = {isa = PBXFileReference; fileEncoding = 4; lastKnownFileType = sourcecode.c.objc; path = BarberDetailViewController.m; sourceTree = "<group>"; };
		5D80FC541BCE01D50012E464 /* BarberServeModel.h */ = {isa = PBXFileReference; fileEncoding = 4; lastKnownFileType = sourcecode.c.h; path = BarberServeModel.h; sourceTree = "<group>"; };
		5D80FC551BCE01D50012E464 /* BarberServeModel.m */ = {isa = PBXFileReference; fileEncoding = 4; lastKnownFileType = sourcecode.c.objc; path = BarberServeModel.m; sourceTree = "<group>"; };
		5D80FC561BCE01D50012E464 /* BarberWorkModel.h */ = {isa = PBXFileReference; fileEncoding = 4; lastKnownFileType = sourcecode.c.h; path = BarberWorkModel.h; sourceTree = "<group>"; };
		5D80FC571BCE01D50012E464 /* BarberWorkModel.m */ = {isa = PBXFileReference; fileEncoding = 4; lastKnownFileType = sourcecode.c.objc; path = BarberWorkModel.m; sourceTree = "<group>"; };
		5D80FC581BCE01D50012E464 /* StoreModel.h */ = {isa = PBXFileReference; fileEncoding = 4; lastKnownFileType = sourcecode.c.h; path = StoreModel.h; sourceTree = "<group>"; };
		5D80FC591BCE01D50012E464 /* StoreModel.m */ = {isa = PBXFileReference; fileEncoding = 4; lastKnownFileType = sourcecode.c.objc; path = StoreModel.m; sourceTree = "<group>"; };
		5D80FC5B1BCE01D50012E464 /* BarberRequest.h */ = {isa = PBXFileReference; fileEncoding = 4; lastKnownFileType = sourcecode.c.h; path = BarberRequest.h; sourceTree = "<group>"; };
		5D80FC5C1BCE01D50012E464 /* BarberRequest.m */ = {isa = PBXFileReference; fileEncoding = 4; lastKnownFileType = sourcecode.c.objc; path = BarberRequest.m; sourceTree = "<group>"; };
		5D80FC5D1BCE01D50012E464 /* StoreRequest.h */ = {isa = PBXFileReference; fileEncoding = 4; lastKnownFileType = sourcecode.c.h; path = StoreRequest.h; sourceTree = "<group>"; };
		5D80FC5E1BCE01D50012E464 /* StoreRequest.m */ = {isa = PBXFileReference; fileEncoding = 4; lastKnownFileType = sourcecode.c.objc; path = StoreRequest.m; sourceTree = "<group>"; };
		5D80FC601BCE01D50012E464 /* BarberHeaderView.h */ = {isa = PBXFileReference; fileEncoding = 4; lastKnownFileType = sourcecode.c.h; path = BarberHeaderView.h; sourceTree = "<group>"; };
		5D80FC611BCE01D50012E464 /* BarberHeaderView.m */ = {isa = PBXFileReference; fileEncoding = 4; lastKnownFileType = sourcecode.c.objc; path = BarberHeaderView.m; sourceTree = "<group>"; };
		5D80FC621BCE01D50012E464 /* BarberIntroCell.h */ = {isa = PBXFileReference; fileEncoding = 4; lastKnownFileType = sourcecode.c.h; path = BarberIntroCell.h; sourceTree = "<group>"; };
		5D80FC631BCE01D50012E464 /* BarberIntroCell.m */ = {isa = PBXFileReference; fileEncoding = 4; lastKnownFileType = sourcecode.c.objc; path = BarberIntroCell.m; sourceTree = "<group>"; };
		5D80FC641BCE01D50012E464 /* BarberServeAppointCell.h */ = {isa = PBXFileReference; fileEncoding = 4; lastKnownFileType = sourcecode.c.h; path = BarberServeAppointCell.h; sourceTree = "<group>"; };
		5D80FC651BCE01D50012E464 /* BarberServeAppointCell.m */ = {isa = PBXFileReference; fileEncoding = 4; lastKnownFileType = sourcecode.c.objc; path = BarberServeAppointCell.m; sourceTree = "<group>"; };
		5D80FC661BCE01D50012E464 /* BarberServeCell.h */ = {isa = PBXFileReference; fileEncoding = 4; lastKnownFileType = sourcecode.c.h; path = BarberServeCell.h; sourceTree = "<group>"; };
		5D80FC671BCE01D50012E464 /* BarberServeCell.m */ = {isa = PBXFileReference; fileEncoding = 4; lastKnownFileType = sourcecode.c.objc; path = BarberServeCell.m; sourceTree = "<group>"; };
		5D80FC681BCE01D50012E464 /* BarberWorksCell.h */ = {isa = PBXFileReference; fileEncoding = 4; lastKnownFileType = sourcecode.c.h; path = BarberWorksCell.h; sourceTree = "<group>"; };
		5D80FC691BCE01D50012E464 /* BarberWorksCell.m */ = {isa = PBXFileReference; fileEncoding = 4; lastKnownFileType = sourcecode.c.objc; path = BarberWorksCell.m; sourceTree = "<group>"; };
		5D80FC6A1BCE01D50012E464 /* BarberWorkView.h */ = {isa = PBXFileReference; fileEncoding = 4; lastKnownFileType = sourcecode.c.h; path = BarberWorkView.h; sourceTree = "<group>"; };
		5D80FC6B1BCE01D50012E464 /* BarberWorkView.m */ = {isa = PBXFileReference; fileEncoding = 4; lastKnownFileType = sourcecode.c.objc; path = BarberWorkView.m; sourceTree = "<group>"; };
		5D80FC6C1BCE01D50012E464 /* StoreCell.h */ = {isa = PBXFileReference; fileEncoding = 4; lastKnownFileType = sourcecode.c.h; path = StoreCell.h; sourceTree = "<group>"; };
		5D80FC6D1BCE01D50012E464 /* StoreCell.m */ = {isa = PBXFileReference; fileEncoding = 4; lastKnownFileType = sourcecode.c.objc; path = StoreCell.m; sourceTree = "<group>"; };
		5D80FC7B1BCE02070012E464 /* BarberModel.h */ = {isa = PBXFileReference; fileEncoding = 4; lastKnownFileType = sourcecode.c.h; path = BarberModel.h; sourceTree = "<group>"; };
		5D80FC7C1BCE02070012E464 /* BarberModel.m */ = {isa = PBXFileReference; fileEncoding = 4; lastKnownFileType = sourcecode.c.objc; path = BarberModel.m; sourceTree = "<group>"; };
		5D80FC7E1BCE02DF0012E464 /* PrefixHeader.pch */ = {isa = PBXFileReference; fileEncoding = 4; lastKnownFileType = sourcecode.c.h; path = PrefixHeader.pch; sourceTree = "<group>"; };
		5D80FC7F1BCE03400012E464 /* ZAdditions.h */ = {isa = PBXFileReference; fileEncoding = 4; lastKnownFileType = sourcecode.c.h; path = ZAdditions.h; sourceTree = "<group>"; };
		5D80FC821BCE1C2F0012E464 /* barber_header@2x.png */ = {isa = PBXFileReference; lastKnownFileType = image.png; path = "barber_header@2x.png"; sourceTree = "<group>"; };
		5D80FC841BCE1DC30012E464 /* arraw_right@3x.png */ = {isa = PBXFileReference; lastKnownFileType = image.png; path = "arraw_right@3x.png"; sourceTree = "<group>"; };
		5D80FC871BCE269F0012E464 /* StoreListViewController.h */ = {isa = PBXFileReference; fileEncoding = 4; lastKnownFileType = sourcecode.c.h; path = StoreListViewController.h; sourceTree = "<group>"; };
		5D80FC881BCE269F0012E464 /* StoreListViewController.m */ = {isa = PBXFileReference; fileEncoding = 4; lastKnownFileType = sourcecode.c.objc; path = StoreListViewController.m; sourceTree = "<group>"; };
		5D80FC8A1BCE27710012E464 /* StoreListCell.h */ = {isa = PBXFileReference; fileEncoding = 4; lastKnownFileType = sourcecode.c.h; path = StoreListCell.h; sourceTree = "<group>"; };
		5D80FC8B1BCE27710012E464 /* StoreListCell.m */ = {isa = PBXFileReference; fileEncoding = 4; lastKnownFileType = sourcecode.c.objc; path = StoreListCell.m; sourceTree = "<group>"; };
		5D80FC8D1BCE2F310012E464 /* StoreListRequest.h */ = {isa = PBXFileReference; fileEncoding = 4; lastKnownFileType = sourcecode.c.h; path = StoreListRequest.h; sourceTree = "<group>"; };
		5D80FC8E1BCE2F310012E464 /* StoreListRequest.m */ = {isa = PBXFileReference; fileEncoding = 4; lastKnownFileType = sourcecode.c.objc; path = StoreListRequest.m; sourceTree = "<group>"; };
		5D80FC901BCE2FAB0012E464 /* ZDemo.h */ = {isa = PBXFileReference; fileEncoding = 4; lastKnownFileType = sourcecode.c.h; path = ZDemo.h; sourceTree = "<group>"; };
		5D80FC961BCE88500012E464 /* chelper.c */ = {isa = PBXFileReference; fileEncoding = 4; lastKnownFileType = sourcecode.c.c; path = chelper.c; sourceTree = "<group>"; };
		5D80FC971BCE88500012E464 /* chelper.h */ = {isa = PBXFileReference; fileEncoding = 4; lastKnownFileType = sourcecode.c.h; path = chelper.h; sourceTree = "<group>"; };
		5D9629DC1BCBFFC000435C5E /* ZHelper.h */ = {isa = PBXFileReference; fileEncoding = 4; lastKnownFileType = sourcecode.c.h; path = ZHelper.h; sourceTree = "<group>"; };
		5D9629DD1BCBFFC000435C5E /* ZHelper.m */ = {isa = PBXFileReference; fileEncoding = 4; lastKnownFileType = sourcecode.c.objc; path = ZHelper.m; sourceTree = "<group>"; };
		5D9629DF1BCBFFD000435C5E /* ZConstant.h */ = {isa = PBXFileReference; fileEncoding = 4; lastKnownFileType = sourcecode.c.h; path = ZConstant.h; sourceTree = "<group>"; };
		5DB881E01BBBD09B007FFE0A /* CLLocation+YCLocation.h */ = {isa = PBXFileReference; fileEncoding = 4; lastKnownFileType = sourcecode.c.h; path = "CLLocation+YCLocation.h"; sourceTree = "<group>"; };
		5DB881E11BBBD09B007FFE0A /* CLLocation+YCLocation.m */ = {isa = PBXFileReference; fileEncoding = 4; lastKnownFileType = sourcecode.c.objc; path = "CLLocation+YCLocation.m"; sourceTree = "<group>"; };
		5DB881E21BBBD09B007FFE0A /* ZLocationManager.h */ = {isa = PBXFileReference; fileEncoding = 4; lastKnownFileType = sourcecode.c.h; path = ZLocationManager.h; sourceTree = "<group>"; };
		5DB881E31BBBD09B007FFE0A /* ZLocationManager.m */ = {isa = PBXFileReference; fileEncoding = 4; lastKnownFileType = sourcecode.c.objc; path = ZLocationManager.m; sourceTree = "<group>"; };
		5DB881E61BBBD09B007FFE0A /* LoginRequest.h */ = {isa = PBXFileReference; fileEncoding = 4; lastKnownFileType = sourcecode.c.h; path = LoginRequest.h; sourceTree = "<group>"; };
		5DB881E71BBBD09B007FFE0A /* LoginRequest.m */ = {isa = PBXFileReference; fileEncoding = 4; lastKnownFileType = sourcecode.c.objc; path = LoginRequest.m; sourceTree = "<group>"; };
		5DB882101BBBD09B007FFE0A /* ZBaseModel.h */ = {isa = PBXFileReference; fileEncoding = 4; lastKnownFileType = sourcecode.c.h; path = ZBaseModel.h; sourceTree = "<group>"; };
		5DB882111BBBD09B007FFE0A /* ZBaseModel.m */ = {isa = PBXFileReference; fileEncoding = 4; lastKnownFileType = sourcecode.c.objc; path = ZBaseModel.m; sourceTree = "<group>"; };
		5DB882151BBBD09B007FFE0A /* ZBaseRequest.h */ = {isa = PBXFileReference; fileEncoding = 4; lastKnownFileType = sourcecode.c.h; path = ZBaseRequest.h; sourceTree = "<group>"; };
		5DB882161BBBD09B007FFE0A /* ZBaseRequest.m */ = {isa = PBXFileReference; fileEncoding = 4; lastKnownFileType = sourcecode.c.objc; path = ZBaseRequest.m; sourceTree = "<group>"; };
		5DB882171BBBD09B007FFE0A /* ZRequestManager.h */ = {isa = PBXFileReference; fileEncoding = 4; lastKnownFileType = sourcecode.c.h; path = ZRequestManager.h; sourceTree = "<group>"; };
		5DB882181BBBD09B007FFE0A /* ZRequestManager.m */ = {isa = PBXFileReference; fileEncoding = 4; lastKnownFileType = sourcecode.c.objc; path = ZRequestManager.m; sourceTree = "<group>"; };
		5DB8821A1BBBD09B007FFE0A /* ZGlobalData.h */ = {isa = PBXFileReference; fileEncoding = 4; lastKnownFileType = sourcecode.c.h; path = ZGlobalData.h; sourceTree = "<group>"; };
		5DB8821B1BBBD09B007FFE0A /* ZGlobalData.m */ = {isa = PBXFileReference; fileEncoding = 4; lastKnownFileType = sourcecode.c.objc; path = ZGlobalData.m; sourceTree = "<group>"; };
		5DC70DFC1BBC068000AA5D04 /* ZToastManager.h */ = {isa = PBXFileReference; fileEncoding = 4; lastKnownFileType = sourcecode.c.h; path = ZToastManager.h; sourceTree = "<group>"; };
		5DC70DFD1BBC068000AA5D04 /* ZToastManager.m */ = {isa = PBXFileReference; fileEncoding = 4; lastKnownFileType = sourcecode.c.objc; path = ZToastManager.m; sourceTree = "<group>"; };
		5DC70E011BBC124700AA5D04 /* ZToastView.h */ = {isa = PBXFileReference; fileEncoding = 4; lastKnownFileType = sourcecode.c.h; path = ZToastView.h; sourceTree = "<group>"; };
		5DC70E021BBC124700AA5D04 /* ZToastView.m */ = {isa = PBXFileReference; fileEncoding = 4; lastKnownFileType = sourcecode.c.objc; path = ZToastView.m; sourceTree = "<group>"; };
		5DC70E041BBC2C3800AA5D04 /* ZLocationView.h */ = {isa = PBXFileReference; fileEncoding = 4; lastKnownFileType = sourcecode.c.h; path = ZLocationView.h; sourceTree = "<group>"; };
		5DC70E051BBC2C3800AA5D04 /* ZLocationView.m */ = {isa = PBXFileReference; fileEncoding = 4; lastKnownFileType = sourcecode.c.objc; path = ZLocationView.m; sourceTree = "<group>"; };
		5DC70E081BBC2FC300AA5D04 /* location_btn@2x.png */ = {isa = PBXFileReference; lastKnownFileType = image.png; path = "location_btn@2x.png"; sourceTree = "<group>"; };
		5DD24E011BC64BBA0076923D /* AFHTTPRequestOperation.h */ = {isa = PBXFileReference; fileEncoding = 4; lastKnownFileType = sourcecode.c.h; path = AFHTTPRequestOperation.h; sourceTree = "<group>"; };
		5DD24E021BC64BBA0076923D /* AFHTTPRequestOperation.m */ = {isa = PBXFileReference; fileEncoding = 4; lastKnownFileType = sourcecode.c.objc; path = AFHTTPRequestOperation.m; sourceTree = "<group>"; };
		5DD24E031BC64BBA0076923D /* AFHTTPRequestOperationManager.h */ = {isa = PBXFileReference; fileEncoding = 4; lastKnownFileType = sourcecode.c.h; path = AFHTTPRequestOperationManager.h; sourceTree = "<group>"; };
		5DD24E041BC64BBA0076923D /* AFHTTPRequestOperationManager.m */ = {isa = PBXFileReference; fileEncoding = 4; lastKnownFileType = sourcecode.c.objc; path = AFHTTPRequestOperationManager.m; sourceTree = "<group>"; };
		5DD24E051BC64BBA0076923D /* AFHTTPSessionManager.h */ = {isa = PBXFileReference; fileEncoding = 4; lastKnownFileType = sourcecode.c.h; path = AFHTTPSessionManager.h; sourceTree = "<group>"; };
		5DD24E061BC64BBA0076923D /* AFHTTPSessionManager.m */ = {isa = PBXFileReference; fileEncoding = 4; lastKnownFileType = sourcecode.c.objc; path = AFHTTPSessionManager.m; sourceTree = "<group>"; };
		5DD24E071BC64BBA0076923D /* AFNetworking.h */ = {isa = PBXFileReference; fileEncoding = 4; lastKnownFileType = sourcecode.c.h; path = AFNetworking.h; sourceTree = "<group>"; };
		5DD24E081BC64BBA0076923D /* AFNetworkReachabilityManager.h */ = {isa = PBXFileReference; fileEncoding = 4; lastKnownFileType = sourcecode.c.h; path = AFNetworkReachabilityManager.h; sourceTree = "<group>"; };
		5DD24E091BC64BBA0076923D /* AFNetworkReachabilityManager.m */ = {isa = PBXFileReference; fileEncoding = 4; lastKnownFileType = sourcecode.c.objc; path = AFNetworkReachabilityManager.m; sourceTree = "<group>"; };
		5DD24E0A1BC64BBA0076923D /* AFSecurityPolicy.h */ = {isa = PBXFileReference; fileEncoding = 4; lastKnownFileType = sourcecode.c.h; path = AFSecurityPolicy.h; sourceTree = "<group>"; };
		5DD24E0B1BC64BBA0076923D /* AFSecurityPolicy.m */ = {isa = PBXFileReference; fileEncoding = 4; lastKnownFileType = sourcecode.c.objc; path = AFSecurityPolicy.m; sourceTree = "<group>"; };
		5DD24E0C1BC64BBA0076923D /* AFURLConnectionOperation.h */ = {isa = PBXFileReference; fileEncoding = 4; lastKnownFileType = sourcecode.c.h; path = AFURLConnectionOperation.h; sourceTree = "<group>"; };
		5DD24E0D1BC64BBA0076923D /* AFURLConnectionOperation.m */ = {isa = PBXFileReference; fileEncoding = 4; lastKnownFileType = sourcecode.c.objc; path = AFURLConnectionOperation.m; sourceTree = "<group>"; };
		5DD24E0E1BC64BBA0076923D /* AFURLRequestSerialization.h */ = {isa = PBXFileReference; fileEncoding = 4; lastKnownFileType = sourcecode.c.h; path = AFURLRequestSerialization.h; sourceTree = "<group>"; };
		5DD24E0F1BC64BBA0076923D /* AFURLRequestSerialization.m */ = {isa = PBXFileReference; fileEncoding = 4; lastKnownFileType = sourcecode.c.objc; path = AFURLRequestSerialization.m; sourceTree = "<group>"; };
		5DD24E101BC64BBA0076923D /* AFURLResponseSerialization.h */ = {isa = PBXFileReference; fileEncoding = 4; lastKnownFileType = sourcecode.c.h; path = AFURLResponseSerialization.h; sourceTree = "<group>"; };
		5DD24E111BC64BBA0076923D /* AFURLResponseSerialization.m */ = {isa = PBXFileReference; fileEncoding = 4; lastKnownFileType = sourcecode.c.objc; path = AFURLResponseSerialization.m; sourceTree = "<group>"; };
		5DD24E121BC64BBA0076923D /* AFURLSessionManager.h */ = {isa = PBXFileReference; fileEncoding = 4; lastKnownFileType = sourcecode.c.h; path = AFURLSessionManager.h; sourceTree = "<group>"; };
		5DD24E131BC64BBA0076923D /* AFURLSessionManager.m */ = {isa = PBXFileReference; fileEncoding = 4; lastKnownFileType = sourcecode.c.objc; path = AFURLSessionManager.m; sourceTree = "<group>"; };
		5DD24E151BC64BBA0076923D /* AFNetworkActivityIndicatorManager.h */ = {isa = PBXFileReference; fileEncoding = 4; lastKnownFileType = sourcecode.c.h; path = AFNetworkActivityIndicatorManager.h; sourceTree = "<group>"; };
		5DD24E161BC64BBA0076923D /* AFNetworkActivityIndicatorManager.m */ = {isa = PBXFileReference; fileEncoding = 4; lastKnownFileType = sourcecode.c.objc; path = AFNetworkActivityIndicatorManager.m; sourceTree = "<group>"; };
		5DD24E171BC64BBA0076923D /* UIActivityIndicatorView+AFNetworking.h */ = {isa = PBXFileReference; fileEncoding = 4; lastKnownFileType = sourcecode.c.h; path = "UIActivityIndicatorView+AFNetworking.h"; sourceTree = "<group>"; };
		5DD24E181BC64BBA0076923D /* UIActivityIndicatorView+AFNetworking.m */ = {isa = PBXFileReference; fileEncoding = 4; lastKnownFileType = sourcecode.c.objc; path = "UIActivityIndicatorView+AFNetworking.m"; sourceTree = "<group>"; };
		5DD24E191BC64BBA0076923D /* UIAlertView+AFNetworking.h */ = {isa = PBXFileReference; fileEncoding = 4; lastKnownFileType = sourcecode.c.h; path = "UIAlertView+AFNetworking.h"; sourceTree = "<group>"; };
		5DD24E1A1BC64BBA0076923D /* UIAlertView+AFNetworking.m */ = {isa = PBXFileReference; fileEncoding = 4; lastKnownFileType = sourcecode.c.objc; path = "UIAlertView+AFNetworking.m"; sourceTree = "<group>"; };
		5DD24E1B1BC64BBA0076923D /* UIButton+AFNetworking.h */ = {isa = PBXFileReference; fileEncoding = 4; lastKnownFileType = sourcecode.c.h; path = "UIButton+AFNetworking.h"; sourceTree = "<group>"; };
		5DD24E1C1BC64BBA0076923D /* UIButton+AFNetworking.m */ = {isa = PBXFileReference; fileEncoding = 4; lastKnownFileType = sourcecode.c.objc; path = "UIButton+AFNetworking.m"; sourceTree = "<group>"; };
		5DD24E1D1BC64BBA0076923D /* UIImageView+AFNetworking.h */ = {isa = PBXFileReference; fileEncoding = 4; lastKnownFileType = sourcecode.c.h; path = "UIImageView+AFNetworking.h"; sourceTree = "<group>"; };
		5DD24E1E1BC64BBA0076923D /* UIImageView+AFNetworking.m */ = {isa = PBXFileReference; fileEncoding = 4; lastKnownFileType = sourcecode.c.objc; path = "UIImageView+AFNetworking.m"; sourceTree = "<group>"; };
		5DD24E1F1BC64BBA0076923D /* UIKit+AFNetworking.h */ = {isa = PBXFileReference; fileEncoding = 4; lastKnownFileType = sourcecode.c.h; path = "UIKit+AFNetworking.h"; sourceTree = "<group>"; };
		5DD24E201BC64BBA0076923D /* UIProgressView+AFNetworking.h */ = {isa = PBXFileReference; fileEncoding = 4; lastKnownFileType = sourcecode.c.h; path = "UIProgressView+AFNetworking.h"; sourceTree = "<group>"; };
		5DD24E211BC64BBA0076923D /* UIProgressView+AFNetworking.m */ = {isa = PBXFileReference; fileEncoding = 4; lastKnownFileType = sourcecode.c.objc; path = "UIProgressView+AFNetworking.m"; sourceTree = "<group>"; };
		5DD24E221BC64BBA0076923D /* UIRefreshControl+AFNetworking.h */ = {isa = PBXFileReference; fileEncoding = 4; lastKnownFileType = sourcecode.c.h; path = "UIRefreshControl+AFNetworking.h"; sourceTree = "<group>"; };
		5DD24E231BC64BBA0076923D /* UIRefreshControl+AFNetworking.m */ = {isa = PBXFileReference; fileEncoding = 4; lastKnownFileType = sourcecode.c.objc; path = "UIRefreshControl+AFNetworking.m"; sourceTree = "<group>"; };
		5DD24E241BC64BBA0076923D /* UIWebView+AFNetworking.h */ = {isa = PBXFileReference; fileEncoding = 4; lastKnownFileType = sourcecode.c.h; path = "UIWebView+AFNetworking.h"; sourceTree = "<group>"; };
		5DD24E251BC64BBA0076923D /* UIWebView+AFNetworking.m */ = {isa = PBXFileReference; fileEncoding = 4; lastKnownFileType = sourcecode.c.objc; path = "UIWebView+AFNetworking.m"; sourceTree = "<group>"; };
		5DE7A3F91BBD633A0065D95C /* UIImage+ImageEffects.h */ = {isa = PBXFileReference; fileEncoding = 4; lastKnownFileType = sourcecode.c.h; path = "UIImage+ImageEffects.h"; sourceTree = "<group>"; };
		5DE7A3FA1BBD633B0065D95C /* UIImage+ImageEffects.m */ = {isa = PBXFileReference; fileEncoding = 4; lastKnownFileType = sourcecode.c.objc; path = "UIImage+ImageEffects.m"; sourceTree = "<group>"; };
/* End PBXFileReference section */

/* Begin PBXFrameworksBuildPhase section */
		5D33BB601BB4CF3300F534DF /* Frameworks */ = {
			isa = PBXFrameworksBuildPhase;
			buildActionMask = 2147483647;
			files = (
			);
			runOnlyForDeploymentPostprocessing = 0;
		};
/* End PBXFrameworksBuildPhase section */

/* Begin PBXGroup section */
		5D3080341BBCFF8B00EF158E /* ZStretchHeaderController */ = {
			isa = PBXGroup;
			children = (
				5D3080381BBD37CF00EF158E /* Resouse */,
				5DE7A3F91BBD633A0065D95C /* UIImage+ImageEffects.h */,
				5DE7A3FA1BBD633B0065D95C /* UIImage+ImageEffects.m */,
				5D3080351BBCFFBC00EF158E /* ZStretchHeaderController.h */,
				5D3080361BBCFFBC00EF158E /* ZStretchHeaderController.m */,
			);
			path = ZStretchHeaderController;
			sourceTree = "<group>";
		};
		5D3080381BBD37CF00EF158E /* Resouse */ = {
			isa = PBXGroup;
			children = (
				5D613BF11BC7815D008A299F /* header.png */,
				5D613BEF1BC77F9E008A299F /* header_bg.png */,
			);
			path = Resouse;
			sourceTree = "<group>";
		};
		5D33BB5A1BB4CF3300F534DF = {
			isa = PBXGroup;
			children = (
				5D33BB651BB4CF3300F534DF /* ZFramework */,
				5D33BB641BB4CF3300F534DF /* Products */,
			);
			sourceTree = "<group>";
		};
		5D33BB641BB4CF3300F534DF /* Products */ = {
			isa = PBXGroup;
			children = (
				5D33BB631BB4CF3300F534DF /* ZFramework.app */,
			);
			name = Products;
			sourceTree = "<group>";
		};
		5D33BB651BB4CF3300F534DF /* ZFramework */ = {
			isa = PBXGroup;
			children = (
				5D80FC4F1BCE01D50012E464 /* ZDemo */,
				5D9629DB1BCBFFC000435C5E /* ZConstant */,
				5D33BBF81BB4FA2E00F534DF /* ZAdditions */,
				5DB8821C1BBBD09B007FFE0A /* ZToastView */,
				5DB881E41BBBD09B007FFE0A /* ZNetworking */,
				5D613BF31BC78393008A299F /* ZPullTableView */,
				5D33BC2E1BB6BDC700F534DF /* ZViewController */,
				5D33BC921BB96F3800F534DF /* ZStarGradeView */,
				5D33BBDF1BB4F00C00F534DF /* ZTabBarController */,
				5DB881DF1BBBD09B007FFE0A /* ZLocationManager */,
				5D3080341BBCFF8B00EF158E /* ZStretchHeaderController */,
				5D33BBB31BB4CFEA00F534DF /* ViewControllers */,
				5D33BB691BB4CF3300F534DF /* AppDelegate.h */,
				5D33BB6A1BB4CF3300F534DF /* AppDelegate.m */,
				5D33BB721BB4CF3300F534DF /* Assets.xcassets */,
				5D33BB771BB4CF3300F534DF /* Info.plist */,
				5D33BB661BB4CF3300F534DF /* Supporting Files */,
				5D80FC7E1BCE02DF0012E464 /* PrefixHeader.pch */,
			);
			path = ZFramework;
			sourceTree = "<group>";
		};
		5D33BB661BB4CF3300F534DF /* Supporting Files */ = {
			isa = PBXGroup;
			children = (
				5D33BB671BB4CF3300F534DF /* main.m */,
			);
			name = "Supporting Files";
			sourceTree = "<group>";
		};
		5D33BBB31BB4CFEA00F534DF /* ViewControllers */ = {
			isa = PBXGroup;
			children = (
				5DB881E51BBBD09B007FFE0A /* Request */,
				5D33BBB41BB4CFEA00F534DF /* ViewController.h */,
				5D33BBB51BB4CFEA00F534DF /* ViewController.m */,
			);
			path = ViewControllers;
			sourceTree = "<group>";
		};
		5D33BBDF1BB4F00C00F534DF /* ZTabBarController */ = {
			isa = PBXGroup;
			children = (
				5D33BBF51BB4F5B300F534DF /* ZTabBarItem.h */,
				5D33BBF61BB4F5B300F534DF /* ZTabBarItem.m */,
				5D33BBE31BB4F04400F534DF /* ZTabBarController.h */,
				5D33BBE41BB4F04400F534DF /* ZTabBarController.m */,
				5D33BBE81BB4F37D00F534DF /* Resource */,
			);
			path = ZTabBarController;
			sourceTree = "<group>";
		};
		5D33BBE81BB4F37D00F534DF /* Resource */ = {
			isa = PBXGroup;
			children = (
				5D33BC571BB6E91100F534DF /* tabbar_bg@2x.png */,
				5D33BBE91BB4F37D00F534DF /* tabbar3@2x.png */,
				5D33BBEA1BB4F37D00F534DF /* tabbar3_sel@2x.png */,
				5D33BBEB1BB4F37D00F534DF /* tabbar2@2x.png */,
				5D33BBEC1BB4F37D00F534DF /* tabbar2_sel@2x.png */,
				5D33BBED1BB4F37D00F534DF /* tabbar1@2x.png */,
				5D33BBEE1BB4F37D00F534DF /* tabbar1_sel@2x.png */,
			);
			path = Resource;
			sourceTree = "<group>";
		};
		5D33BBF81BB4FA2E00F534DF /* ZAdditions */ = {
			isa = PBXGroup;
			children = (
				5D80FC7F1BCE03400012E464 /* ZAdditions.h */,
				5D33BC591BB7956000F534DF /* UIView+ZAddition.h */,
				5D33BC5A1BB7956000F534DF /* UIView+ZAddition.m */,
				5D33BBF91BB4FA6000F534DF /* NSString+ZAddition.h */,
				5D33BBFA1BB4FA6000F534DF /* NSString+ZAddition.m */,
			);
			path = ZAdditions;
			sourceTree = "<group>";
		};
		5D33BC2E1BB6BDC700F534DF /* ZViewController */ = {
			isa = PBXGroup;
			children = (
				5D33BC421BB6BDC700F534DF /* Resouses */,
				5D33BC461BB6BDC700F534DF /* ZViewController.h */,
				5D33BC471BB6BDC700F534DF /* ZViewController.m */,
			);
			path = ZViewController;
			sourceTree = "<group>";
		};
		5D33BC421BB6BDC700F534DF /* Resouses */ = {
			isa = PBXGroup;
			children = (
				5D33BC431BB6BDC700F534DF /* nav_back@2x.png */,
				5D33BC441BB6BDC700F534DF /* nav_bg@2x.png */,
				5D33BC451BB6BDC700F534DF /* nav_dismiss@2x.png */,
			);
			path = Resouses;
			sourceTree = "<group>";
		};
		5D33BC921BB96F3800F534DF /* ZStarGradeView */ = {
			isa = PBXGroup;
			children = (
				5D33BC991BB97E0400F534DF /* Resource */,
				5D33BC931BB96F3800F534DF /* ZStarGradeView.h */,
				5D33BC941BB96F3800F534DF /* ZStarGradeView.m */,
			);
			path = ZStarGradeView;
			sourceTree = "<group>";
		};
		5D33BC991BB97E0400F534DF /* Resource */ = {
			isa = PBXGroup;
			children = (
				5D33BC9A1BB97E0400F534DF /* star_gray@3x.png */,
				5D33BC9B1BB97E0400F534DF /* star_light@3x.png */,
			);
			path = Resource;
			sourceTree = "<group>";
		};
		5D613BF31BC78393008A299F /* ZPullTableView */ = {
			isa = PBXGroup;
			children = (
				5D613BF41BC78393008A299F /* EGOTableViewPullRefresh */,
				5D613C071BC78393008A299F /* ZPullTableView.h */,
				5D613C081BC78393008A299F /* ZPullTableView.m */,
			);
			path = ZPullTableView;
			sourceTree = "<group>";
		};
		5D613BF41BC78393008A299F /* EGOTableViewPullRefresh */ = {
			isa = PBXGroup;
			children = (
				5D613BF51BC78393008A299F /* Resources */,
				5D613BFE1BC78393008A299F /* Source */,
			);
			path = EGOTableViewPullRefresh;
			sourceTree = "<group>";
		};
		5D613BF51BC78393008A299F /* Resources */ = {
			isa = PBXGroup;
			children = (
				5D613C161BC78415008A299F /* reading.png */,
				5D613BF61BC78393008A299F /* blackArrow.png */,
				5D613BF71BC78393008A299F /* blackArrow@2x.png */,
				5D613BF81BC78393008A299F /* blueArrow.png */,
				5D613BF91BC78393008A299F /* blueArrow@2x.png */,
				5D613BFA1BC78393008A299F /* grayArrow.png */,
				5D613BFB1BC78393008A299F /* grayArrow@2x.png */,
				5D613BFC1BC78393008A299F /* whiteArrow.png */,
				5D613BFD1BC78393008A299F /* whiteArrow@2x.png */,
			);
			path = Resources;
			sourceTree = "<group>";
		};
		5D613BFE1BC78393008A299F /* Source */ = {
			isa = PBXGroup;
			children = (
				5D613BFF1BC78393008A299F /* EGORefreshTableHeaderView.h */,
				5D613C001BC78393008A299F /* EGORefreshTableHeaderView.m */,
				5D613C011BC78393008A299F /* ZLoadMoreTableFooterView.h */,
				5D613C021BC78393008A299F /* ZLoadMoreTableFooterView.m */,
				5D613C031BC78393008A299F /* ZMessageInterceptor.h */,
				5D613C041BC78393008A299F /* ZMessageInterceptor.m */,
				5D613C051BC78393008A299F /* ZRefreshTableHeaderView.h */,
				5D613C061BC78393008A299F /* ZRefreshTableHeaderView.m */,
			);
			path = Source;
			sourceTree = "<group>";
		};
		5D80FC4F1BCE01D50012E464 /* ZDemo */ = {
			isa = PBXGroup;
			children = (
				5D80FC861BCE26860012E464 /* ZPullTableView */,
				5D80FC501BCE01D50012E464 /* ZStretchHeaderController */,
				5D80FC901BCE2FAB0012E464 /* ZDemo.h */,
			);
			path = ZDemo;
			sourceTree = "<group>";
		};
		5D80FC501BCE01D50012E464 /* ZStretchHeaderController */ = {
			isa = PBXGroup;
			children = (
				5D80FC811BCE1BD70012E464 /* Resource */,
				5D80FC511BCE01D50012E464 /* BarberDetailViewController.h */,
				5D80FC521BCE01D50012E464 /* BarberDetailViewController.m */,
				5D80FC531BCE01D50012E464 /* Model */,
				5D80FC5A1BCE01D50012E464 /* Request */,
				5D80FC5F1BCE01D50012E464 /* View */,
			);
			path = ZStretchHeaderController;
			sourceTree = "<group>";
		};
		5D80FC531BCE01D50012E464 /* Model */ = {
			isa = PBXGroup;
			children = (
				5D80FC7B1BCE02070012E464 /* BarberModel.h */,
				5D80FC7C1BCE02070012E464 /* BarberModel.m */,
				5D80FC541BCE01D50012E464 /* BarberServeModel.h */,
				5D80FC551BCE01D50012E464 /* BarberServeModel.m */,
				5D80FC561BCE01D50012E464 /* BarberWorkModel.h */,
				5D80FC571BCE01D50012E464 /* BarberWorkModel.m */,
				5D80FC581BCE01D50012E464 /* StoreModel.h */,
				5D80FC591BCE01D50012E464 /* StoreModel.m */,
			);
			path = Model;
			sourceTree = "<group>";
		};
		5D80FC5A1BCE01D50012E464 /* Request */ = {
			isa = PBXGroup;
			children = (
				5D80FC5B1BCE01D50012E464 /* BarberRequest.h */,
				5D80FC5C1BCE01D50012E464 /* BarberRequest.m */,
				5D80FC5D1BCE01D50012E464 /* StoreRequest.h */,
				5D80FC5E1BCE01D50012E464 /* StoreRequest.m */,
			);
			path = Request;
			sourceTree = "<group>";
		};
		5D80FC5F1BCE01D50012E464 /* View */ = {
			isa = PBXGroup;
			children = (
				5D80FC601BCE01D50012E464 /* BarberHeaderView.h */,
				5D80FC611BCE01D50012E464 /* BarberHeaderView.m */,
				5D80FC621BCE01D50012E464 /* BarberIntroCell.h */,
				5D80FC631BCE01D50012E464 /* BarberIntroCell.m */,
				5D80FC6C1BCE01D50012E464 /* StoreCell.h */,
				5D80FC6D1BCE01D50012E464 /* StoreCell.m */,
				5D80FC661BCE01D50012E464 /* BarberServeCell.h */,
				5D80FC671BCE01D50012E464 /* BarberServeCell.m */,
				5D80FC641BCE01D50012E464 /* BarberServeAppointCell.h */,
				5D80FC651BCE01D50012E464 /* BarberServeAppointCell.m */,
				5D80FC681BCE01D50012E464 /* BarberWorksCell.h */,
				5D80FC691BCE01D50012E464 /* BarberWorksCell.m */,
				5D80FC6A1BCE01D50012E464 /* BarberWorkView.h */,
				5D80FC6B1BCE01D50012E464 /* BarberWorkView.m */,
			);
			path = View;
			sourceTree = "<group>";
		};
		5D80FC811BCE1BD70012E464 /* Resource */ = {
			isa = PBXGroup;
			children = (
				5D80FC841BCE1DC30012E464 /* arraw_right@3x.png */,
				5D80FC821BCE1C2F0012E464 /* barber_header@2x.png */,
			);
			path = Resource;
			sourceTree = "<group>";
		};
		5D80FC861BCE26860012E464 /* ZPullTableView */ = {
			isa = PBXGroup;
			children = (
				5D80FC8A1BCE27710012E464 /* StoreListCell.h */,
				5D80FC8B1BCE27710012E464 /* StoreListCell.m */,
				5D80FC8D1BCE2F310012E464 /* StoreListRequest.h */,
				5D80FC8E1BCE2F310012E464 /* StoreListRequest.m */,
				5D80FC871BCE269F0012E464 /* StoreListViewController.h */,
				5D80FC881BCE269F0012E464 /* StoreListViewController.m */,
			);
			path = ZPullTableView;
			sourceTree = "<group>";
		};
		5D9629DB1BCBFFC000435C5E /* ZConstant */ = {
			isa = PBXGroup;
			children = (
				5D80FC971BCE88500012E464 /* chelper.h */,
				5D80FC961BCE88500012E464 /* chelper.c */,
				5D9629DC1BCBFFC000435C5E /* ZHelper.h */,
				5D9629DD1BCBFFC000435C5E /* ZHelper.m */,
				5D9629DF1BCBFFD000435C5E /* ZConstant.h */,
			);
			path = ZConstant;
			sourceTree = "<group>";
		};
		5DB881DF1BBBD09B007FFE0A /* ZLocationManager */ = {
			isa = PBXGroup;
			children = (
				5DC70E071BBC2FC300AA5D04 /* Resource */,
				5DB881E01BBBD09B007FFE0A /* CLLocation+YCLocation.h */,
				5DB881E11BBBD09B007FFE0A /* CLLocation+YCLocation.m */,
				5DB881E21BBBD09B007FFE0A /* ZLocationManager.h */,
				5DB881E31BBBD09B007FFE0A /* ZLocationManager.m */,
				5DC70E041BBC2C3800AA5D04 /* ZLocationView.h */,
				5DC70E051BBC2C3800AA5D04 /* ZLocationView.m */,
			);
			path = ZLocationManager;
			sourceTree = "<group>";
		};
		5DB881E41BBBD09B007FFE0A /* ZNetworking */ = {
			isa = PBXGroup;
			children = (
				5DD24DFF1BC64BBA0076923D /* AFNetworking */,
				5DB8820F1BBBD09B007FFE0A /* ZBaseModel */,
				5DB882191BBBD09B007FFE0A /* ZGlobalData */,
				5DB882121BBBD09B007FFE0A /* ZBaseRequest */,
			);
			path = ZNetworking;
			sourceTree = "<group>";
		};
		5DB881E51BBBD09B007FFE0A /* Request */ = {
			isa = PBXGroup;
			children = (
				5DB881E61BBBD09B007FFE0A /* LoginRequest.h */,
				5DB881E71BBBD09B007FFE0A /* LoginRequest.m */,
				5D613C5F1BC8D145008A299F /* ListModel.h */,
				5D613C601BC8D145008A299F /* ListModel.m */,
			);
			name = Request;
			path = ../ZNetworking/Request;
			sourceTree = "<group>";
		};
		5DB8820F1BBBD09B007FFE0A /* ZBaseModel */ = {
			isa = PBXGroup;
			children = (
				5DB882101BBBD09B007FFE0A /* ZBaseModel.h */,
				5DB882111BBBD09B007FFE0A /* ZBaseModel.m */,
			);
			path = ZBaseModel;
			sourceTree = "<group>";
		};
		5DB882121BBBD09B007FFE0A /* ZBaseRequest */ = {
			isa = PBXGroup;
			children = (
				5DB882151BBBD09B007FFE0A /* ZBaseRequest.h */,
				5DB882161BBBD09B007FFE0A /* ZBaseRequest.m */,
				5DB882171BBBD09B007FFE0A /* ZRequestManager.h */,
				5DB882181BBBD09B007FFE0A /* ZRequestManager.m */,
			);
			path = ZBaseRequest;
			sourceTree = "<group>";
		};
		5DB882191BBBD09B007FFE0A /* ZGlobalData */ = {
			isa = PBXGroup;
			children = (
				5DB8821A1BBBD09B007FFE0A /* ZGlobalData.h */,
				5DB8821B1BBBD09B007FFE0A /* ZGlobalData.m */,
			);
			path = ZGlobalData;
			sourceTree = "<group>";
		};
		5DB8821C1BBBD09B007FFE0A /* ZToastView */ = {
			isa = PBXGroup;
			children = (
				5DC70E011BBC124700AA5D04 /* ZToastView.h */,
				5DC70E021BBC124700AA5D04 /* ZToastView.m */,
				5DC70DFC1BBC068000AA5D04 /* ZToastManager.h */,
				5DC70DFD1BBC068000AA5D04 /* ZToastManager.m */,
			);
			path = ZToastView;
			sourceTree = "<group>";
		};
		5DC70E071BBC2FC300AA5D04 /* Resource */ = {
			isa = PBXGroup;
			children = (
				5DC70E081BBC2FC300AA5D04 /* location_btn@2x.png */,
			);
			path = Resource;
			sourceTree = "<group>";
		};
		5DD24DFF1BC64BBA0076923D /* AFNetworking */ = {
			isa = PBXGroup;
			children = (
				5DD24E001BC64BBA0076923D /* AFNetworking */,
				5DD24E141BC64BBA0076923D /* UIKit+AFNetworking */,
			);
			path = AFNetworking;
			sourceTree = "<group>";
		};
		5DD24E001BC64BBA0076923D /* AFNetworking */ = {
			isa = PBXGroup;
			children = (
				5DD24E011BC64BBA0076923D /* AFHTTPRequestOperation.h */,
				5DD24E021BC64BBA0076923D /* AFHTTPRequestOperation.m */,
				5DD24E031BC64BBA0076923D /* AFHTTPRequestOperationManager.h */,
				5DD24E041BC64BBA0076923D /* AFHTTPRequestOperationManager.m */,
				5DD24E051BC64BBA0076923D /* AFHTTPSessionManager.h */,
				5DD24E061BC64BBA0076923D /* AFHTTPSessionManager.m */,
				5DD24E071BC64BBA0076923D /* AFNetworking.h */,
				5DD24E081BC64BBA0076923D /* AFNetworkReachabilityManager.h */,
				5DD24E091BC64BBA0076923D /* AFNetworkReachabilityManager.m */,
				5DD24E0A1BC64BBA0076923D /* AFSecurityPolicy.h */,
				5DD24E0B1BC64BBA0076923D /* AFSecurityPolicy.m */,
				5DD24E0C1BC64BBA0076923D /* AFURLConnectionOperation.h */,
				5DD24E0D1BC64BBA0076923D /* AFURLConnectionOperation.m */,
				5DD24E0E1BC64BBA0076923D /* AFURLRequestSerialization.h */,
				5DD24E0F1BC64BBA0076923D /* AFURLRequestSerialization.m */,
				5DD24E101BC64BBA0076923D /* AFURLResponseSerialization.h */,
				5DD24E111BC64BBA0076923D /* AFURLResponseSerialization.m */,
				5DD24E121BC64BBA0076923D /* AFURLSessionManager.h */,
				5DD24E131BC64BBA0076923D /* AFURLSessionManager.m */,
			);
			path = AFNetworking;
			sourceTree = "<group>";
		};
		5DD24E141BC64BBA0076923D /* UIKit+AFNetworking */ = {
			isa = PBXGroup;
			children = (
				5DD24E151BC64BBA0076923D /* AFNetworkActivityIndicatorManager.h */,
				5DD24E161BC64BBA0076923D /* AFNetworkActivityIndicatorManager.m */,
				5DD24E171BC64BBA0076923D /* UIActivityIndicatorView+AFNetworking.h */,
				5DD24E181BC64BBA0076923D /* UIActivityIndicatorView+AFNetworking.m */,
				5DD24E191BC64BBA0076923D /* UIAlertView+AFNetworking.h */,
				5DD24E1A1BC64BBA0076923D /* UIAlertView+AFNetworking.m */,
				5DD24E1B1BC64BBA0076923D /* UIButton+AFNetworking.h */,
				5DD24E1C1BC64BBA0076923D /* UIButton+AFNetworking.m */,
				5DD24E1D1BC64BBA0076923D /* UIImageView+AFNetworking.h */,
				5DD24E1E1BC64BBA0076923D /* UIImageView+AFNetworking.m */,
				5DD24E1F1BC64BBA0076923D /* UIKit+AFNetworking.h */,
				5DD24E201BC64BBA0076923D /* UIProgressView+AFNetworking.h */,
				5DD24E211BC64BBA0076923D /* UIProgressView+AFNetworking.m */,
				5DD24E221BC64BBA0076923D /* UIRefreshControl+AFNetworking.h */,
				5DD24E231BC64BBA0076923D /* UIRefreshControl+AFNetworking.m */,
				5DD24E241BC64BBA0076923D /* UIWebView+AFNetworking.h */,
				5DD24E251BC64BBA0076923D /* UIWebView+AFNetworking.m */,
			);
			path = "UIKit+AFNetworking";
			sourceTree = "<group>";
		};
/* End PBXGroup section */

/* Begin PBXNativeTarget section */
		5D33BB621BB4CF3300F534DF /* ZFramework */ = {
			isa = PBXNativeTarget;
			buildConfigurationList = 5D33BB7A1BB4CF3300F534DF /* Build configuration list for PBXNativeTarget "ZFramework" */;
			buildPhases = (
				5D33BB5F1BB4CF3300F534DF /* Sources */,
				5D33BB601BB4CF3300F534DF /* Frameworks */,
				5D33BB611BB4CF3300F534DF /* Resources */,
			);
			buildRules = (
			);
			dependencies = (
			);
			name = ZFramework;
			productName = ZFramework;
			productReference = 5D33BB631BB4CF3300F534DF /* ZFramework.app */;
			productType = "com.apple.product-type.application";
		};
/* End PBXNativeTarget section */

/* Begin PBXProject section */
		5D33BB5B1BB4CF3300F534DF /* Project object */ = {
			isa = PBXProject;
			attributes = {
				LastUpgradeCheck = 0700;
				ORGANIZATIONNAME = ronglei;
				TargetAttributes = {
					5D33BB621BB4CF3300F534DF = {
						CreatedOnToolsVersion = 7.0;
					};
				};
			};
			buildConfigurationList = 5D33BB5E1BB4CF3300F534DF /* Build configuration list for PBXProject "ZFramework" */;
			compatibilityVersion = "Xcode 3.2";
			developmentRegion = English;
			hasScannedForEncodings = 0;
			knownRegions = (
				en,
				Base,
			);
			mainGroup = 5D33BB5A1BB4CF3300F534DF;
			productRefGroup = 5D33BB641BB4CF3300F534DF /* Products */;
			projectDirPath = "";
			projectRoot = "";
			targets = (
				5D33BB621BB4CF3300F534DF /* ZFramework */,
			);
		};
/* End PBXProject section */

/* Begin PBXResourcesBuildPhase section */
		5D33BB611BB4CF3300F534DF /* Resources */ = {
			isa = PBXResourcesBuildPhase;
			buildActionMask = 2147483647;
			files = (
				5DC70E091BBC2FC300AA5D04 /* location_btn@2x.png in Resources */,
				5D33BC9D1BB97E0400F534DF /* star_light@3x.png in Resources */,
				5D613BF01BC77F9E008A299F /* header_bg.png in Resources */,
				5D613BF21BC7815D008A299F /* header.png in Resources */,
				5D33BBF01BB4F37D00F534DF /* tabbar3_sel@2x.png in Resources */,
				5D33BC531BB6BDC700F534DF /* nav_back@2x.png in Resources */,
				5D33BC541BB6BDC700F534DF /* nav_bg@2x.png in Resources */,
				5D613C0B1BC78393008A299F /* blueArrow.png in Resources */,
				5D33BBF21BB4F37D00F534DF /* tabbar2_sel@2x.png in Resources */,
				5D613C171BC78415008A299F /* reading.png in Resources */,
				5D33BBEF1BB4F37D00F534DF /* tabbar3@2x.png in Resources */,
				5D613C101BC78393008A299F /* whiteArrow@2x.png in Resources */,
				5D33BBF41BB4F37D00F534DF /* tabbar1_sel@2x.png in Resources */,
				5D33BC551BB6BDC700F534DF /* nav_dismiss@2x.png in Resources */,
				5D80FC851BCE1DC30012E464 /* arraw_right@3x.png in Resources */,
				5D613C0D1BC78393008A299F /* grayArrow.png in Resources */,
				5D613C0F1BC78393008A299F /* whiteArrow.png in Resources */,
				5D613C0C1BC78393008A299F /* blueArrow@2x.png in Resources */,
				5D613C091BC78393008A299F /* blackArrow.png in Resources */,
				5D613C0E1BC78393008A299F /* grayArrow@2x.png in Resources */,
				5D33BC9C1BB97E0400F534DF /* star_gray@3x.png in Resources */,
				5D80FC831BCE1C2F0012E464 /* barber_header@2x.png in Resources */,
				5D33BBF11BB4F37D00F534DF /* tabbar2@2x.png in Resources */,
				5D613C0A1BC78393008A299F /* blackArrow@2x.png in Resources */,
				5D33BB731BB4CF3300F534DF /* Assets.xcassets in Resources */,
				5D33BC581BB6E91100F534DF /* tabbar_bg@2x.png in Resources */,
				5D33BBF31BB4F37D00F534DF /* tabbar1@2x.png in Resources */,
			);
			runOnlyForDeploymentPostprocessing = 0;
		};
/* End PBXResourcesBuildPhase section */

/* Begin PBXSourcesBuildPhase section */
		5D33BB5F1BB4CF3300F534DF /* Sources */ = {
			isa = PBXSourcesBuildPhase;
			buildActionMask = 2147483647;
			files = (
				5DD24E2C1BC64BBA0076923D /* AFURLRequestSerialization.m in Sources */,
				5D613C151BC78393008A299F /* ZPullTableView.m in Sources */,
				5D33BC5B1BB7956000F534DF /* UIView+ZAddition.m in Sources */,
				5D80FC6E1BCE01D50012E464 /* BarberDetailViewController.m in Sources */,
				5DD24E351BC64BBA0076923D /* UIRefreshControl+AFNetworking.m in Sources */,
				5DB882351BBBD09B007FFE0A /* ZBaseRequest.m in Sources */,
				5DB882331BBBD09B007FFE0A /* ZBaseModel.m in Sources */,
				5D33BBFB1BB4FA6000F534DF /* NSString+ZAddition.m in Sources */,
				5D80FC781BCE01D50012E464 /* BarberWorksCell.m in Sources */,
				5D613C121BC78393008A299F /* ZLoadMoreTableFooterView.m in Sources */,
				5D80FC711BCE01D50012E464 /* StoreModel.m in Sources */,
				5DD24E2B1BC64BBA0076923D /* AFURLConnectionOperation.m in Sources */,
				5DD24E301BC64BBA0076923D /* UIActivityIndicatorView+AFNetworking.m in Sources */,
				5DD24E331BC64BBA0076923D /* UIImageView+AFNetworking.m in Sources */,
				5D33BBCD1BB4CFEA00F534DF /* ViewController.m in Sources */,
				5D80FC7A1BCE01D50012E464 /* StoreCell.m in Sources */,
				5D80FC791BCE01D50012E464 /* BarberWorkView.m in Sources */,
				5DB882371BBBD09B007FFE0A /* ZGlobalData.m in Sources */,
				5D80FC701BCE01D50012E464 /* BarberWorkModel.m in Sources */,
				5D33BC971BB96F3800F534DF /* ZStarGradeView.m in Sources */,
				5D613C111BC78393008A299F /* EGORefreshTableHeaderView.m in Sources */,
				5D613C611BC8D145008A299F /* ListModel.m in Sources */,
				5DD24E311BC64BBA0076923D /* UIAlertView+AFNetworking.m in Sources */,
				5D80FC751BCE01D50012E464 /* BarberIntroCell.m in Sources */,
				5DE7A3FB1BBD633B0065D95C /* UIImage+ImageEffects.m in Sources */,
				5D613C131BC78393008A299F /* ZMessageInterceptor.m in Sources */,
				5DD24E291BC64BBA0076923D /* AFNetworkReachabilityManager.m in Sources */,
				5DC70DFE1BBC068000AA5D04 /* ZToastManager.m in Sources */,
				5DD24E361BC64BBA0076923D /* UIWebView+AFNetworking.m in Sources */,
				5D33BC561BB6BDC700F534DF /* ZViewController.m in Sources */,
				5D80FC731BCE01D50012E464 /* StoreRequest.m in Sources */,
				5DD24E2E1BC64BBA0076923D /* AFURLSessionManager.m in Sources */,
				5DB882201BBBD09B007FFE0A /* ZLocationManager.m in Sources */,
				5D33BBF71BB4F5B300F534DF /* ZTabBarItem.m in Sources */,
				5DC70E031BBC124700AA5D04 /* ZToastView.m in Sources */,
				5DC70E061BBC2C3800AA5D04 /* ZLocationView.m in Sources */,
				5D613C141BC78393008A299F /* ZRefreshTableHeaderView.m in Sources */,
				5DD24E321BC64BBA0076923D /* UIButton+AFNetworking.m in Sources */,
				5DB8821F1BBBD09B007FFE0A /* CLLocation+YCLocation.m in Sources */,
				5DD24E341BC64BBA0076923D /* UIProgressView+AFNetworking.m in Sources */,
				5D33BBE51BB4F04400F534DF /* ZTabBarController.m in Sources */,
				5DB882361BBBD09B007FFE0A /* ZRequestManager.m in Sources */,
				5D80FC761BCE01D50012E464 /* BarberServeAppointCell.m in Sources */,
				5DD24E2F1BC64BBA0076923D /* AFNetworkActivityIndicatorManager.m in Sources */,
				5DD24E2A1BC64BBA0076923D /* AFSecurityPolicy.m in Sources */,
				5D80FC981BCE88500012E464 /* chelper.c in Sources */,
				5D80FC771BCE01D50012E464 /* BarberServeCell.m in Sources */,
				5D80FC8C1BCE27710012E464 /* StoreListCell.m in Sources */,
				5D80FC7D1BCE02070012E464 /* BarberModel.m in Sources */,
				5DD24E271BC64BBA0076923D /* AFHTTPRequestOperationManager.m in Sources */,
				5D80FC6F1BCE01D50012E464 /* BarberServeModel.m in Sources */,
				5DD24E281BC64BBA0076923D /* AFHTTPSessionManager.m in Sources */,
				5D80FC8F1BCE2F310012E464 /* StoreListRequest.m in Sources */,
				5D80FC741BCE01D50012E464 /* BarberHeaderView.m in Sources */,
				5D33BB6B1BB4CF3300F534DF /* AppDelegate.m in Sources */,
				5D80FC891BCE269F0012E464 /* StoreListViewController.m in Sources */,
				5D9629DE1BCBFFC000435C5E /* ZHelper.m in Sources */,
				5D33BB681BB4CF3300F534DF /* main.m in Sources */,
				5DD24E261BC64BBA0076923D /* AFHTTPRequestOperation.m in Sources */,
				5D80FC721BCE01D50012E464 /* BarberRequest.m in Sources */,
				5D3080371BBCFFBC00EF158E /* ZStretchHeaderController.m in Sources */,
				5DD24E2D1BC64BBA0076923D /* AFURLResponseSerialization.m in Sources */,
				5DB882211BBBD09B007FFE0A /* LoginRequest.m in Sources */,
			);
			runOnlyForDeploymentPostprocessing = 0;
		};
/* End PBXSourcesBuildPhase section */

/* Begin XCBuildConfiguration section */
		5D33BB781BB4CF3300F534DF /* Debug */ = {
			isa = XCBuildConfiguration;
			buildSettings = {
				ALWAYS_SEARCH_USER_PATHS = NO;
				CLANG_CXX_LANGUAGE_STANDARD = "gnu++0x";
				CLANG_CXX_LIBRARY = "libc++";
				CLANG_ENABLE_MODULES = YES;
				CLANG_ENABLE_OBJC_ARC = YES;
				CLANG_WARN_BOOL_CONVERSION = YES;
				CLANG_WARN_CONSTANT_CONVERSION = YES;
				CLANG_WARN_DIRECT_OBJC_ISA_USAGE = YES_ERROR;
				CLANG_WARN_EMPTY_BODY = YES;
				CLANG_WARN_ENUM_CONVERSION = YES;
				CLANG_WARN_INT_CONVERSION = YES;
				CLANG_WARN_OBJC_ROOT_CLASS = YES_ERROR;
				CLANG_WARN_UNREACHABLE_CODE = YES;
				CLANG_WARN__DUPLICATE_METHOD_MATCH = YES;
				"CODE_SIGN_IDENTITY[sdk=iphoneos*]" = "iPhone Developer";
				COPY_PHASE_STRIP = NO;
				DEBUG_INFORMATION_FORMAT = dwarf;
				ENABLE_STRICT_OBJC_MSGSEND = YES;
				ENABLE_TESTABILITY = YES;
				GCC_C_LANGUAGE_STANDARD = gnu99;
				GCC_DYNAMIC_NO_PIC = NO;
				GCC_NO_COMMON_BLOCKS = YES;
				GCC_OPTIMIZATION_LEVEL = 0;
				GCC_PREPROCESSOR_DEFINITIONS = (
					"DEBUG=1",
					"$(inherited)",
				);
				GCC_WARN_64_TO_32_BIT_CONVERSION = YES;
				GCC_WARN_ABOUT_RETURN_TYPE = YES_ERROR;
				GCC_WARN_UNDECLARED_SELECTOR = YES;
				GCC_WARN_UNINITIALIZED_AUTOS = YES_AGGRESSIVE;
				GCC_WARN_UNUSED_FUNCTION = YES;
				GCC_WARN_UNUSED_VARIABLE = YES;
				IPHONEOS_DEPLOYMENT_TARGET = 9.0;
				MTL_ENABLE_DEBUG_INFO = YES;
				ONLY_ACTIVE_ARCH = YES;
				SDKROOT = iphoneos;
			};
			name = Debug;
		};
		5D33BB791BB4CF3300F534DF /* Release */ = {
			isa = XCBuildConfiguration;
			buildSettings = {
				ALWAYS_SEARCH_USER_PATHS = NO;
				CLANG_CXX_LANGUAGE_STANDARD = "gnu++0x";
				CLANG_CXX_LIBRARY = "libc++";
				CLANG_ENABLE_MODULES = YES;
				CLANG_ENABLE_OBJC_ARC = YES;
				CLANG_WARN_BOOL_CONVERSION = YES;
				CLANG_WARN_CONSTANT_CONVERSION = YES;
				CLANG_WARN_DIRECT_OBJC_ISA_USAGE = YES_ERROR;
				CLANG_WARN_EMPTY_BODY = YES;
				CLANG_WARN_ENUM_CONVERSION = YES;
				CLANG_WARN_INT_CONVERSION = YES;
				CLANG_WARN_OBJC_ROOT_CLASS = YES_ERROR;
				CLANG_WARN_UNREACHABLE_CODE = YES;
				CLANG_WARN__DUPLICATE_METHOD_MATCH = YES;
				"CODE_SIGN_IDENTITY[sdk=iphoneos*]" = "iPhone Developer";
				COPY_PHASE_STRIP = NO;
				DEBUG_INFORMATION_FORMAT = "dwarf-with-dsym";
				ENABLE_NS_ASSERTIONS = NO;
				ENABLE_STRICT_OBJC_MSGSEND = YES;
				GCC_C_LANGUAGE_STANDARD = gnu99;
				GCC_NO_COMMON_BLOCKS = YES;
				GCC_WARN_64_TO_32_BIT_CONVERSION = YES;
				GCC_WARN_ABOUT_RETURN_TYPE = YES_ERROR;
				GCC_WARN_UNDECLARED_SELECTOR = YES;
				GCC_WARN_UNINITIALIZED_AUTOS = YES_AGGRESSIVE;
				GCC_WARN_UNUSED_FUNCTION = YES;
				GCC_WARN_UNUSED_VARIABLE = YES;
				IPHONEOS_DEPLOYMENT_TARGET = 9.0;
				MTL_ENABLE_DEBUG_INFO = NO;
				SDKROOT = iphoneos;
				VALIDATE_PRODUCT = YES;
			};
			name = Release;
		};
		5D33BB7B1BB4CF3300F534DF /* Debug */ = {
			isa = XCBuildConfiguration;
			buildSettings = {
				ASSETCATALOG_COMPILER_APPICON_NAME = AppIcon;
				GCC_PREFIX_HEADER = "$(SRCROOT)/ZFramework/PrefixHeader.pch";
				INFOPLIST_FILE = ZFramework/Info.plist;
				IPHONEOS_DEPLOYMENT_TARGET = 8.0;
				LD_RUNPATH_SEARCH_PATHS = "$(inherited) @executable_path/Frameworks";
				PRODUCT_BUNDLE_IDENTIFIER = com.LaShou.ZFramework;
				PRODUCT_NAME = "$(TARGET_NAME)";
			};
			name = Debug;
		};
		5D33BB7C1BB4CF3300F534DF /* Release */ = {
			isa = XCBuildConfiguration;
			buildSettings = {
				ASSETCATALOG_COMPILER_APPICON_NAME = AppIcon;
				GCC_PREFIX_HEADER = "$(SRCROOT)/ZFramework/PrefixHeader.pch";
				INFOPLIST_FILE = ZFramework/Info.plist;
				IPHONEOS_DEPLOYMENT_TARGET = 8.0;
				LD_RUNPATH_SEARCH_PATHS = "$(inherited) @executable_path/Frameworks";
				PRODUCT_BUNDLE_IDENTIFIER = com.LaShou.ZFramework;
				PRODUCT_NAME = "$(TARGET_NAME)";
			};
			name = Release;
		};
/* End XCBuildConfiguration section */

/* Begin XCConfigurationList section */
		5D33BB5E1BB4CF3300F534DF /* Build configuration list for PBXProject "ZFramework" */ = {
			isa = XCConfigurationList;
			buildConfigurations = (
				5D33BB781BB4CF3300F534DF /* Debug */,
				5D33BB791BB4CF3300F534DF /* Release */,
			);
			defaultConfigurationIsVisible = 0;
			defaultConfigurationName = Release;
		};
		5D33BB7A1BB4CF3300F534DF /* Build configuration list for PBXNativeTarget "ZFramework" */ = {
			isa = XCConfigurationList;
			buildConfigurations = (
				5D33BB7B1BB4CF3300F534DF /* Debug */,
				5D33BB7C1BB4CF3300F534DF /* Release */,
			);
			defaultConfigurationIsVisible = 0;
			defaultConfigurationName = Release;
		};
/* End XCConfigurationList section */
	};
	rootObject = 5D33BB5B1BB4CF3300F534DF /* Project object */;
}
